// !$*UTF8*$!
{
	archiveVersion = 1;
	classes = {
	};
	objectVersion = 56;
	objects = {

/* Begin PBXBuildFile section */
		0156267429784D1A00D038D4 /* LoginViewController.swift in Sources */ = {isa = PBXBuildFile; fileRef = 0156267329784D1A00D038D4 /* LoginViewController.swift */; };
		0156267629784D2000D038D4 /* UIColor+Extension.swift in Sources */ = {isa = PBXBuildFile; fileRef = 0156267529784D2000D038D4 /* UIColor+Extension.swift */; };
		0156267829784D2400D038D4 /* InsetTextField.swift in Sources */ = {isa = PBXBuildFile; fileRef = 0156267729784D2400D038D4 /* InsetTextField.swift */; };
		0156267A29784D2A00D038D4 /* SignUpViewController.swift in Sources */ = {isa = PBXBuildFile; fileRef = 0156267929784D2A00D038D4 /* SignUpViewController.swift */; };
		0156267C29784D3400D038D4 /* TapBarViewController.swift in Sources */ = {isa = PBXBuildFile; fileRef = 0156267B29784D3400D038D4 /* TapBarViewController.swift */; };
		0156267E29784D3800D038D4 /* MyPageViewController.swift in Sources */ = {isa = PBXBuildFile; fileRef = 0156267D29784D3800D038D4 /* MyPageViewController.swift */; };
		0156268029784D3D00D038D4 /* MoreViewController.swift in Sources */ = {isa = PBXBuildFile; fileRef = 0156267F29784D3D00D038D4 /* MoreViewController.swift */; };
		0156268229784D4100D038D4 /* CustomCell.swift in Sources */ = {isa = PBXBuildFile; fileRef = 0156268129784D4100D038D4 /* CustomCell.swift */; };
		1F41D5BB15993595DAE6B8EE /* Pods_FinalBase.framework in Frameworks */ = {isa = PBXBuildFile; fileRef = 4A7AFC41D74739541C613943 /* Pods_FinalBase.framework */; };
		6C2B412D29784870005ED22C /* AppDelegate.swift in Sources */ = {isa = PBXBuildFile; fileRef = 6C2B412C29784870005ED22C /* AppDelegate.swift */; };
		6C2B412F29784870005ED22C /* SceneDelegate.swift in Sources */ = {isa = PBXBuildFile; fileRef = 6C2B412E29784870005ED22C /* SceneDelegate.swift */; };
		6C2B413129784870005ED22C /* InfoViewController.swift in Sources */ = {isa = PBXBuildFile; fileRef = 6C2B413029784870005ED22C /* InfoViewController.swift */; };
		6C2B413629784874005ED22C /* Assets.xcassets in Resources */ = {isa = PBXBuildFile; fileRef = 6C2B413529784874005ED22C /* Assets.xcassets */; };
		6C2B413929784874005ED22C /* LaunchScreen.storyboard in Resources */ = {isa = PBXBuildFile; fileRef = 6C2B413729784874005ED22C /* LaunchScreen.storyboard */; };
		6C2B414929784CF6005ED22C /* BaseTableViewCell.swift in Sources */ = {isa = PBXBuildFile; fileRef = 6C2B414229784CF6005ED22C /* BaseTableViewCell.swift */; };
		6C2B414A29784CF6005ED22C /* Cafe.swift in Sources */ = {isa = PBXBuildFile; fileRef = 6C2B414329784CF6005ED22C /* Cafe.swift */; };
		6C2B414B29784CF6005ED22C /* MyTableViewCell.swift in Sources */ = {isa = PBXBuildFile; fileRef = 6C2B414429784CF6005ED22C /* MyTableViewCell.swift */; };
		6C2B414C29784CF6005ED22C /* Review.swift in Sources */ = {isa = PBXBuildFile; fileRef = 6C2B414629784CF6005ED22C /* Review.swift */; };
		6C2B414D29784CF6005ED22C /* ReviewTableViewCell.swift in Sources */ = {isa = PBXBuildFile; fileRef = 6C2B414729784CF6005ED22C /* ReviewTableViewCell.swift */; };
		6C2B414E29784CF6005ED22C /* ReviewBaseTableViewCell.swift in Sources */ = {isa = PBXBuildFile; fileRef = 6C2B414829784CF6005ED22C /* ReviewBaseTableViewCell.swift */; };
		7A22662C29784D3C0099240B /* MainViewController.swift in Sources */ = {isa = PBXBuildFile; fileRef = 7A22662B29784D3C0099240B /* MainViewController.swift */; };
		7A22662E29784D520099240B /* customCafeView.swift in Sources */ = {isa = PBXBuildFile; fileRef = 7A22662D29784D520099240B /* customCafeView.swift */; };
		7A22663029784D700099240B /* setPlaceHolderColor.swift in Sources */ = {isa = PBXBuildFile; fileRef = 7A22662F29784D700099240B /* setPlaceHolderColor.swift */; };
		7A22663229784D7E0099240B /* addLeftImage.swift in Sources */ = {isa = PBXBuildFile; fileRef = 7A22663129784D7E0099240B /* addLeftImage.swift */; };
		7A22663429784D8E0099240B /* insetTextField_1.swift in Sources */ = {isa = PBXBuildFile; fileRef = 7A22663329784D8E0099240B /* insetTextField_1.swift */; };
		7A22663829784DA60099240B /* collectionviewCell.swift in Sources */ = {isa = PBXBuildFile; fileRef = 7A22663729784DA60099240B /* collectionviewCell.swift */; };
/* End PBXBuildFile section */

/* Begin PBXFileReference section */
		0156267329784D1A00D038D4 /* LoginViewController.swift */ = {isa = PBXFileReference; fileEncoding = 4; lastKnownFileType = sourcecode.swift; path = LoginViewController.swift; sourceTree = "<group>"; };
		0156267529784D2000D038D4 /* UIColor+Extension.swift */ = {isa = PBXFileReference; fileEncoding = 4; lastKnownFileType = sourcecode.swift; path = "UIColor+Extension.swift"; sourceTree = "<group>"; };
		0156267729784D2400D038D4 /* InsetTextField.swift */ = {isa = PBXFileReference; fileEncoding = 4; lastKnownFileType = sourcecode.swift; path = InsetTextField.swift; sourceTree = "<group>"; };
		0156267929784D2A00D038D4 /* SignUpViewController.swift */ = {isa = PBXFileReference; fileEncoding = 4; lastKnownFileType = sourcecode.swift; path = SignUpViewController.swift; sourceTree = "<group>"; };
		0156267B29784D3400D038D4 /* TapBarViewController.swift */ = {isa = PBXFileReference; fileEncoding = 4; lastKnownFileType = sourcecode.swift; path = TapBarViewController.swift; sourceTree = "<group>"; };
		0156267D29784D3800D038D4 /* MyPageViewController.swift */ = {isa = PBXFileReference; fileEncoding = 4; lastKnownFileType = sourcecode.swift; path = MyPageViewController.swift; sourceTree = "<group>"; };
		0156267F29784D3D00D038D4 /* MoreViewController.swift */ = {isa = PBXFileReference; fileEncoding = 4; lastKnownFileType = sourcecode.swift; path = MoreViewController.swift; sourceTree = "<group>"; };
		0156268129784D4100D038D4 /* CustomCell.swift */ = {isa = PBXFileReference; fileEncoding = 4; lastKnownFileType = sourcecode.swift; path = CustomCell.swift; sourceTree = "<group>"; };
		4A7AFC41D74739541C613943 /* Pods_FinalBase.framework */ = {isa = PBXFileReference; explicitFileType = wrapper.framework; includeInIndex = 0; path = Pods_FinalBase.framework; sourceTree = BUILT_PRODUCTS_DIR; };
		6C2B412929784870005ED22C /* FinalBase.app */ = {isa = PBXFileReference; explicitFileType = wrapper.application; includeInIndex = 0; path = FinalBase.app; sourceTree = BUILT_PRODUCTS_DIR; };
		6C2B412C29784870005ED22C /* AppDelegate.swift */ = {isa = PBXFileReference; lastKnownFileType = sourcecode.swift; path = AppDelegate.swift; sourceTree = "<group>"; };
		6C2B412E29784870005ED22C /* SceneDelegate.swift */ = {isa = PBXFileReference; lastKnownFileType = sourcecode.swift; path = SceneDelegate.swift; sourceTree = "<group>"; };
		6C2B413029784870005ED22C /* InfoViewController.swift */ = {isa = PBXFileReference; lastKnownFileType = sourcecode.swift; path = InfoViewController.swift; sourceTree = "<group>"; };
		6C2B413529784874005ED22C /* Assets.xcassets */ = {isa = PBXFileReference; lastKnownFileType = folder.assetcatalog; path = Assets.xcassets; sourceTree = "<group>"; };
		6C2B413829784874005ED22C /* Base */ = {isa = PBXFileReference; lastKnownFileType = file.storyboard; name = Base; path = Base.lproj/LaunchScreen.storyboard; sourceTree = "<group>"; };
		6C2B413A29784874005ED22C /* Info.plist */ = {isa = PBXFileReference; lastKnownFileType = text.plist.xml; path = Info.plist; sourceTree = "<group>"; };
		6C2B414229784CF6005ED22C /* BaseTableViewCell.swift */ = {isa = PBXFileReference; fileEncoding = 4; lastKnownFileType = sourcecode.swift; path = BaseTableViewCell.swift; sourceTree = "<group>"; };
		6C2B414329784CF6005ED22C /* Cafe.swift */ = {isa = PBXFileReference; fileEncoding = 4; lastKnownFileType = sourcecode.swift; path = Cafe.swift; sourceTree = "<group>"; };
		6C2B414429784CF6005ED22C /* MyTableViewCell.swift */ = {isa = PBXFileReference; fileEncoding = 4; lastKnownFileType = sourcecode.swift; path = MyTableViewCell.swift; sourceTree = "<group>"; };
		6C2B414629784CF6005ED22C /* Review.swift */ = {isa = PBXFileReference; fileEncoding = 4; lastKnownFileType = sourcecode.swift; path = Review.swift; sourceTree = "<group>"; };
		6C2B414729784CF6005ED22C /* ReviewTableViewCell.swift */ = {isa = PBXFileReference; fileEncoding = 4; lastKnownFileType = sourcecode.swift; path = ReviewTableViewCell.swift; sourceTree = "<group>"; };
		6C2B414829784CF6005ED22C /* ReviewBaseTableViewCell.swift */ = {isa = PBXFileReference; fileEncoding = 4; lastKnownFileType = sourcecode.swift; path = ReviewBaseTableViewCell.swift; sourceTree = "<group>"; };
		7A22662B29784D3C0099240B /* MainViewController.swift */ = {isa = PBXFileReference; lastKnownFileType = sourcecode.swift; path = MainViewController.swift; sourceTree = "<group>"; };
		7A22662D29784D520099240B /* customCafeView.swift */ = {isa = PBXFileReference; lastKnownFileType = sourcecode.swift; path = customCafeView.swift; sourceTree = "<group>"; };
		7A22662F29784D700099240B /* setPlaceHolderColor.swift */ = {isa = PBXFileReference; lastKnownFileType = sourcecode.swift; path = setPlaceHolderColor.swift; sourceTree = "<group>"; };
		7A22663129784D7E0099240B /* addLeftImage.swift */ = {isa = PBXFileReference; lastKnownFileType = sourcecode.swift; path = addLeftImage.swift; sourceTree = "<group>"; };
		7A22663329784D8E0099240B /* insetTextField_1.swift */ = {isa = PBXFileReference; lastKnownFileType = sourcecode.swift; path = insetTextField_1.swift; sourceTree = "<group>"; };
		7A22663729784DA60099240B /* collectionviewCell.swift */ = {isa = PBXFileReference; lastKnownFileType = sourcecode.swift; path = collectionviewCell.swift; sourceTree = "<group>"; };
		A6102A1FE45886E777D5AA82 /* Pods-FinalBase.debug.xcconfig */ = {isa = PBXFileReference; includeInIndex = 1; lastKnownFileType = text.xcconfig; name = "Pods-FinalBase.debug.xcconfig"; path = "Target Support Files/Pods-FinalBase/Pods-FinalBase.debug.xcconfig"; sourceTree = "<group>"; };
		AD868C4CF681C796278F6521 /* Pods-FinalBase.release.xcconfig */ = {isa = PBXFileReference; includeInIndex = 1; lastKnownFileType = text.xcconfig; name = "Pods-FinalBase.release.xcconfig"; path = "Target Support Files/Pods-FinalBase/Pods-FinalBase.release.xcconfig"; sourceTree = "<group>"; };
/* End PBXFileReference section */

/* Begin PBXFrameworksBuildPhase section */
		6C2B412629784870005ED22C /* Frameworks */ = {
			isa = PBXFrameworksBuildPhase;
			buildActionMask = 2147483647;
			files = (
				1F41D5BB15993595DAE6B8EE /* Pods_FinalBase.framework in Frameworks */,
			);
			runOnlyForDeploymentPostprocessing = 0;
		};
/* End PBXFrameworksBuildPhase section */

/* Begin PBXGroup section */
		6C2B412029784870005ED22C = {
			isa = PBXGroup;
			children = (
				6C2B412B29784870005ED22C /* FinalBase */,
				6C2B412A29784870005ED22C /* Products */,
				B8DA74DF3C8028990D902B8B /* Pods */,
				FD37006CA9F50C38BFDD18DE /* Frameworks */,
			);
			sourceTree = "<group>";
		};
		6C2B412A29784870005ED22C /* Products */ = {
			isa = PBXGroup;
			children = (
				6C2B412929784870005ED22C /* FinalBase.app */,
			);
			name = Products;
			sourceTree = "<group>";
		};
		6C2B412B29784870005ED22C /* FinalBase */ = {
			isa = PBXGroup;
			children = (
				6C2B414029784CF6005ED22C /* SERA */,
				6C2B412C29784870005ED22C /* AppDelegate.swift */,
				6C2B412E29784870005ED22C /* SceneDelegate.swift */,
				0156267329784D1A00D038D4 /* LoginViewController.swift */,
				0156267529784D2000D038D4 /* UIColor+Extension.swift */,
				0156267729784D2400D038D4 /* InsetTextField.swift */,
				0156267929784D2A00D038D4 /* SignUpViewController.swift */,
				6C2B413029784870005ED22C /* InfoViewController.swift */,
				0156267B29784D3400D038D4 /* TapBarViewController.swift */,
				0156267D29784D3800D038D4 /* MyPageViewController.swift */,
				0156267F29784D3D00D038D4 /* MoreViewController.swift */,
				0156268129784D4100D038D4 /* CustomCell.swift */,
				6C2B413529784874005ED22C /* Assets.xcassets */,
				6C2B413729784874005ED22C /* LaunchScreen.storyboard */,
				6C2B413A29784874005ED22C /* Info.plist */,
				7A22662B29784D3C0099240B /* MainViewController.swift */,
				7A22662D29784D520099240B /* customCafeView.swift */,
				7A22662F29784D700099240B /* setPlaceHolderColor.swift */,
				7A22663129784D7E0099240B /* addLeftImage.swift */,
				7A22663329784D8E0099240B /* insetTextField_1.swift */,
				7A22663729784DA60099240B /* collectionviewCell.swift */,
			);
			path = FinalBase;
			sourceTree = "<group>";
		};
		6C2B414029784CF6005ED22C /* SERA */ = {
			isa = PBXGroup;
			children = (
				6C2B414129784CF6005ED22C /* Information */,
				6C2B414529784CF6005ED22C /* Review */,
			);
			path = SERA;
			sourceTree = "<group>";
		};
		6C2B414129784CF6005ED22C /* Information */ = {
			isa = PBXGroup;
			children = (
				6C2B414229784CF6005ED22C /* BaseTableViewCell.swift */,
				6C2B414329784CF6005ED22C /* Cafe.swift */,
				6C2B414429784CF6005ED22C /* MyTableViewCell.swift */,
			);
			path = Information;
			sourceTree = "<group>";
		};
		6C2B414529784CF6005ED22C /* Review */ = {
			isa = PBXGroup;
			children = (
				6C2B414629784CF6005ED22C /* Review.swift */,
				6C2B414729784CF6005ED22C /* ReviewTableViewCell.swift */,
				6C2B414829784CF6005ED22C /* ReviewBaseTableViewCell.swift */,
			);
			path = Review;
			sourceTree = "<group>";
		};
		B8DA74DF3C8028990D902B8B /* Pods */ = {
			isa = PBXGroup;
			children = (
				A6102A1FE45886E777D5AA82 /* Pods-FinalBase.debug.xcconfig */,
				AD868C4CF681C796278F6521 /* Pods-FinalBase.release.xcconfig */,
			);
			path = Pods;
			sourceTree = "<group>";
		};
		FD37006CA9F50C38BFDD18DE /* Frameworks */ = {
			isa = PBXGroup;
			children = (
				4A7AFC41D74739541C613943 /* Pods_FinalBase.framework */,
			);
			name = Frameworks;
			sourceTree = "<group>";
		};
/* End PBXGroup section */

/* Begin PBXNativeTarget section */
		6C2B412829784870005ED22C /* FinalBase */ = {
			isa = PBXNativeTarget;
			buildConfigurationList = 6C2B413D29784874005ED22C /* Build configuration list for PBXNativeTarget "FinalBase" */;
			buildPhases = (
				223B9B9E0620307EC66A0DBF /* [CP] Check Pods Manifest.lock */,
				6C2B412529784870005ED22C /* Sources */,
				6C2B412629784870005ED22C /* Frameworks */,
				6C2B412729784870005ED22C /* Resources */,
				0431BF82D6C84E562966E59F /* [CP] Embed Pods Frameworks */,
			);
			buildRules = (
			);
			dependencies = (
			);
			name = FinalBase;
			productName = FinalBase;
			productReference = 6C2B412929784870005ED22C /* FinalBase.app */;
			productType = "com.apple.product-type.application";
		};
/* End PBXNativeTarget section */

/* Begin PBXProject section */
		6C2B412129784870005ED22C /* Project object */ = {
			isa = PBXProject;
			attributes = {
				BuildIndependentTargetsInParallel = 1;
				LastSwiftUpdateCheck = 1420;
				LastUpgradeCheck = 1420;
				TargetAttributes = {
					6C2B412829784870005ED22C = {
						CreatedOnToolsVersion = 14.2;
					};
				};
			};
			buildConfigurationList = 6C2B412429784870005ED22C /* Build configuration list for PBXProject "FinalBase" */;
			compatibilityVersion = "Xcode 14.0";
			developmentRegion = en;
			hasScannedForEncodings = 0;
			knownRegions = (
				en,
				Base,
			);
			mainGroup = 6C2B412029784870005ED22C;
			productRefGroup = 6C2B412A29784870005ED22C /* Products */;
			projectDirPath = "";
			projectRoot = "";
			targets = (
				6C2B412829784870005ED22C /* FinalBase */,
			);
		};
/* End PBXProject section */

/* Begin PBXResourcesBuildPhase section */
		6C2B412729784870005ED22C /* Resources */ = {
			isa = PBXResourcesBuildPhase;
			buildActionMask = 2147483647;
			files = (
				6C2B413929784874005ED22C /* LaunchScreen.storyboard in Resources */,
				6C2B413629784874005ED22C /* Assets.xcassets in Resources */,
			);
			runOnlyForDeploymentPostprocessing = 0;
		};
/* End PBXResourcesBuildPhase section */

/* Begin PBXShellScriptBuildPhase section */
		0431BF82D6C84E562966E59F /* [CP] Embed Pods Frameworks */ = {
			isa = PBXShellScriptBuildPhase;
			buildActionMask = 2147483647;
			files = (
			);
			inputFileListPaths = (
				"${PODS_ROOT}/Target Support Files/Pods-FinalBase/Pods-FinalBase-frameworks-${CONFIGURATION}-input-files.xcfilelist",
			);
			name = "[CP] Embed Pods Frameworks";
			outputFileListPaths = (
				"${PODS_ROOT}/Target Support Files/Pods-FinalBase/Pods-FinalBase-frameworks-${CONFIGURATION}-output-files.xcfilelist",
			);
			runOnlyForDeploymentPostprocessing = 0;
			shellPath = /bin/sh;
			shellScript = "\"${PODS_ROOT}/Target Support Files/Pods-FinalBase/Pods-FinalBase-frameworks.sh\"\n";
			showEnvVarsInLog = 0;
		};
		223B9B9E0620307EC66A0DBF /* [CP] Check Pods Manifest.lock */ = {
			isa = PBXShellScriptBuildPhase;
			buildActionMask = 2147483647;
			files = (
			);
			inputFileListPaths = (
			);
			inputPaths = (
				"${PODS_PODFILE_DIR_PATH}/Podfile.lock",
				"${PODS_ROOT}/Manifest.lock",
			);
			name = "[CP] Check Pods Manifest.lock";
			outputFileListPaths = (
			);
			outputPaths = (
				"$(DERIVED_FILE_DIR)/Pods-FinalBase-checkManifestLockResult.txt",
			);
			runOnlyForDeploymentPostprocessing = 0;
			shellPath = /bin/sh;
			shellScript = "diff \"${PODS_PODFILE_DIR_PATH}/Podfile.lock\" \"${PODS_ROOT}/Manifest.lock\" > /dev/null\nif [ $? != 0 ] ; then\n    # print error to STDERR\n    echo \"error: The sandbox is not in sync with the Podfile.lock. Run 'pod install' or update your CocoaPods installation.\" >&2\n    exit 1\nfi\n# This output is used by Xcode 'outputs' to avoid re-running this script phase.\necho \"SUCCESS\" > \"${SCRIPT_OUTPUT_FILE_0}\"\n";
			showEnvVarsInLog = 0;
		};
/* End PBXShellScriptBuildPhase section */

/* Begin PBXSourcesBuildPhase section */
		6C2B412529784870005ED22C /* Sources */ = {
			isa = PBXSourcesBuildPhase;
			buildActionMask = 2147483647;
			files = (
				6C2B414929784CF6005ED22C /* BaseTableViewCell.swift in Sources */,
				6C2B414D29784CF6005ED22C /* ReviewTableViewCell.swift in Sources */,
				6C2B413129784870005ED22C /* InfoViewController.swift in Sources */,
				6C2B414C29784CF6005ED22C /* Review.swift in Sources */,
				6C2B412D29784870005ED22C /* AppDelegate.swift in Sources */,
				6C2B414A29784CF6005ED22C /* Cafe.swift in Sources */,
				6C2B414E29784CF6005ED22C /* ReviewBaseTableViewCell.swift in Sources */,
				6C2B412F29784870005ED22C /* SceneDelegate.swift in Sources */,
				6C2B414B29784CF6005ED22C /* MyTableViewCell.swift in Sources */,
				7A22663229784D7E0099240B /* addLeftImage.swift in Sources */,
				6C2B413129784870005ED22C /* InfoViewController.swift in Sources */,
				6C2B412D29784870005ED22C /* AppDelegate.swift in Sources */,
				7A22663429784D8E0099240B /* insetTextField_1.swift in Sources */,
				7A22663829784DA60099240B /* collectionviewCell.swift in Sources */,
				7A22663029784D700099240B /* setPlaceHolderColor.swift in Sources */,
				7A22662E29784D520099240B /* customCafeView.swift in Sources */,
				6C2B412F29784870005ED22C /* SceneDelegate.swift in Sources */,
				7A22662C29784D3C0099240B /* MainViewController.swift in Sources */,
				0156267429784D1A00D038D4 /* LoginViewController.swift in Sources */,
				0156267E29784D3800D038D4 /* MyPageViewController.swift in Sources */,
				0156268229784D4100D038D4 /* CustomCell.swift in Sources */,
				0156267A29784D2A00D038D4 /* SignUpViewController.swift in Sources */,
				6C2B413129784870005ED22C /* InfoViewController.swift in Sources */,
				6C2B412D29784870005ED22C /* AppDelegate.swift in Sources */,
				0156268029784D3D00D038D4 /* MoreViewController.swift in Sources */,
				6C2B412F29784870005ED22C /* SceneDelegate.swift in Sources */,
				0156267629784D2000D038D4 /* UIColor+Extension.swift in Sources */,
				0156267C29784D3400D038D4 /* TapBarViewController.swift in Sources */,
				0156267829784D2400D038D4 /* InsetTextField.swift in Sources */,
			);
			runOnlyForDeploymentPostprocessing = 0;
		};
/* End PBXSourcesBuildPhase section */

/* Begin PBXVariantGroup section */
		6C2B413729784874005ED22C /* LaunchScreen.storyboard */ = {
			isa = PBXVariantGroup;
			children = (
				6C2B413829784874005ED22C /* Base */,
			);
			name = LaunchScreen.storyboard;
			sourceTree = "<group>";
		};
/* End PBXVariantGroup section */

/* Begin XCBuildConfiguration section */
		6C2B413B29784874005ED22C /* Debug */ = {
			isa = XCBuildConfiguration;
			buildSettings = {
				ALWAYS_SEARCH_USER_PATHS = NO;
				CLANG_ANALYZER_NONNULL = YES;
				CLANG_ANALYZER_NUMBER_OBJECT_CONVERSION = YES_AGGRESSIVE;
				CLANG_CXX_LANGUAGE_STANDARD = "gnu++20";
				CLANG_ENABLE_MODULES = YES;
				CLANG_ENABLE_OBJC_ARC = YES;
				CLANG_ENABLE_OBJC_WEAK = YES;
				CLANG_WARN_BLOCK_CAPTURE_AUTORELEASING = YES;
				CLANG_WARN_BOOL_CONVERSION = YES;
				CLANG_WARN_COMMA = YES;
				CLANG_WARN_CONSTANT_CONVERSION = YES;
				CLANG_WARN_DEPRECATED_OBJC_IMPLEMENTATIONS = YES;
				CLANG_WARN_DIRECT_OBJC_ISA_USAGE = YES_ERROR;
				CLANG_WARN_DOCUMENTATION_COMMENTS = YES;
				CLANG_WARN_EMPTY_BODY = YES;
				CLANG_WARN_ENUM_CONVERSION = YES;
				CLANG_WARN_INFINITE_RECURSION = YES;
				CLANG_WARN_INT_CONVERSION = YES;
				CLANG_WARN_NON_LITERAL_NULL_CONVERSION = YES;
				CLANG_WARN_OBJC_IMPLICIT_RETAIN_SELF = YES;
				CLANG_WARN_OBJC_LITERAL_CONVERSION = YES;
				CLANG_WARN_OBJC_ROOT_CLASS = YES_ERROR;
				CLANG_WARN_QUOTED_INCLUDE_IN_FRAMEWORK_HEADER = YES;
				CLANG_WARN_RANGE_LOOP_ANALYSIS = YES;
				CLANG_WARN_STRICT_PROTOTYPES = YES;
				CLANG_WARN_SUSPICIOUS_MOVE = YES;
				CLANG_WARN_UNGUARDED_AVAILABILITY = YES_AGGRESSIVE;
				CLANG_WARN_UNREACHABLE_CODE = YES;
				CLANG_WARN__DUPLICATE_METHOD_MATCH = YES;
				COPY_PHASE_STRIP = NO;
				DEBUG_INFORMATION_FORMAT = dwarf;
				ENABLE_STRICT_OBJC_MSGSEND = YES;
				ENABLE_TESTABILITY = YES;
				GCC_C_LANGUAGE_STANDARD = gnu11;
				GCC_DYNAMIC_NO_PIC = NO;
				GCC_NO_COMMON_BLOCKS = YES;
				GCC_OPTIMIZATION_LEVEL = 0;
				GCC_PREPROCESSOR_DEFINITIONS = (
					"DEBUG=1",
					"$(inherited)",
				);
				GCC_WARN_64_TO_32_BIT_CONVERSION = YES;
				GCC_WARN_ABOUT_RETURN_TYPE = YES_ERROR;
				GCC_WARN_UNDECLARED_SELECTOR = YES;
				GCC_WARN_UNINITIALIZED_AUTOS = YES_AGGRESSIVE;
				GCC_WARN_UNUSED_FUNCTION = YES;
				GCC_WARN_UNUSED_VARIABLE = YES;
				IPHONEOS_DEPLOYMENT_TARGET = 16.2;
				MTL_ENABLE_DEBUG_INFO = INCLUDE_SOURCE;
				MTL_FAST_MATH = YES;
				ONLY_ACTIVE_ARCH = YES;
				SDKROOT = iphoneos;
				SWIFT_ACTIVE_COMPILATION_CONDITIONS = DEBUG;
				SWIFT_OPTIMIZATION_LEVEL = "-Onone";
			};
			name = Debug;
		};
		6C2B413C29784874005ED22C /* Release */ = {
			isa = XCBuildConfiguration;
			buildSettings = {
				ALWAYS_SEARCH_USER_PATHS = NO;
				CLANG_ANALYZER_NONNULL = YES;
				CLANG_ANALYZER_NUMBER_OBJECT_CONVERSION = YES_AGGRESSIVE;
				CLANG_CXX_LANGUAGE_STANDARD = "gnu++20";
				CLANG_ENABLE_MODULES = YES;
				CLANG_ENABLE_OBJC_ARC = YES;
				CLANG_ENABLE_OBJC_WEAK = YES;
				CLANG_WARN_BLOCK_CAPTURE_AUTORELEASING = YES;
				CLANG_WARN_BOOL_CONVERSION = YES;
				CLANG_WARN_COMMA = YES;
				CLANG_WARN_CONSTANT_CONVERSION = YES;
				CLANG_WARN_DEPRECATED_OBJC_IMPLEMENTATIONS = YES;
				CLANG_WARN_DIRECT_OBJC_ISA_USAGE = YES_ERROR;
				CLANG_WARN_DOCUMENTATION_COMMENTS = YES;
				CLANG_WARN_EMPTY_BODY = YES;
				CLANG_WARN_ENUM_CONVERSION = YES;
				CLANG_WARN_INFINITE_RECURSION = YES;
				CLANG_WARN_INT_CONVERSION = YES;
				CLANG_WARN_NON_LITERAL_NULL_CONVERSION = YES;
				CLANG_WARN_OBJC_IMPLICIT_RETAIN_SELF = YES;
				CLANG_WARN_OBJC_LITERAL_CONVERSION = YES;
				CLANG_WARN_OBJC_ROOT_CLASS = YES_ERROR;
				CLANG_WARN_QUOTED_INCLUDE_IN_FRAMEWORK_HEADER = YES;
				CLANG_WARN_RANGE_LOOP_ANALYSIS = YES;
				CLANG_WARN_STRICT_PROTOTYPES = YES;
				CLANG_WARN_SUSPICIOUS_MOVE = YES;
				CLANG_WARN_UNGUARDED_AVAILABILITY = YES_AGGRESSIVE;
				CLANG_WARN_UNREACHABLE_CODE = YES;
				CLANG_WARN__DUPLICATE_METHOD_MATCH = YES;
				COPY_PHASE_STRIP = NO;
				DEBUG_INFORMATION_FORMAT = "dwarf-with-dsym";
				ENABLE_NS_ASSERTIONS = NO;
				ENABLE_STRICT_OBJC_MSGSEND = YES;
				GCC_C_LANGUAGE_STANDARD = gnu11;
				GCC_NO_COMMON_BLOCKS = YES;
				GCC_WARN_64_TO_32_BIT_CONVERSION = YES;
				GCC_WARN_ABOUT_RETURN_TYPE = YES_ERROR;
				GCC_WARN_UNDECLARED_SELECTOR = YES;
				GCC_WARN_UNINITIALIZED_AUTOS = YES_AGGRESSIVE;
				GCC_WARN_UNUSED_FUNCTION = YES;
				GCC_WARN_UNUSED_VARIABLE = YES;
				IPHONEOS_DEPLOYMENT_TARGET = 16.2;
				MTL_ENABLE_DEBUG_INFO = NO;
				MTL_FAST_MATH = YES;
				SDKROOT = iphoneos;
				SWIFT_COMPILATION_MODE = wholemodule;
				SWIFT_OPTIMIZATION_LEVEL = "-O";
				VALIDATE_PRODUCT = YES;
			};
			name = Release;
		};
		6C2B413E29784874005ED22C /* Debug */ = {
			isa = XCBuildConfiguration;
			baseConfigurationReference = A6102A1FE45886E777D5AA82 /* Pods-FinalBase.debug.xcconfig */;
			buildSettings = {
				ASSETCATALOG_COMPILER_APPICON_NAME = AppIcon;
				ASSETCATALOG_COMPILER_GLOBAL_ACCENT_COLOR_NAME = AccentColor;
				CODE_SIGN_STYLE = Automatic;
				CURRENT_PROJECT_VERSION = 1;
				DEVELOPMENT_TEAM = 32A8FQ3S49;
				GENERATE_INFOPLIST_FILE = YES;
				INFOPLIST_FILE = FinalBase/Info.plist;
				INFOPLIST_KEY_UIApplicationSupportsIndirectInputEvents = YES;
				INFOPLIST_KEY_UILaunchStoryboardName = LaunchScreen;
				INFOPLIST_KEY_UISupportedInterfaceOrientations_iPad = "UIInterfaceOrientationPortrait UIInterfaceOrientationPortraitUpsideDown UIInterfaceOrientationLandscapeLeft UIInterfaceOrientationLandscapeRight";
				INFOPLIST_KEY_UISupportedInterfaceOrientations_iPhone = "UIInterfaceOrientationPortrait UIInterfaceOrientationLandscapeLeft UIInterfaceOrientationLandscapeRight";
				LD_RUNPATH_SEARCH_PATHS = (
					"$(inherited)",
					"@executable_path/Frameworks",
				);
				MARKETING_VERSION = 1.0;
				PRODUCT_BUNDLE_IDENTIFIER = com.week01.FinalBase;
				PRODUCT_NAME = "$(TARGET_NAME)";
				SWIFT_EMIT_LOC_STRINGS = YES;
				SWIFT_VERSION = 5.0;
				TARGETED_DEVICE_FAMILY = "1,2";
			};
			name = Debug;
		};
		6C2B413F29784874005ED22C /* Release */ = {
			isa = XCBuildConfiguration;
			baseConfigurationReference = AD868C4CF681C796278F6521 /* Pods-FinalBase.release.xcconfig */;
			buildSettings = {
				ASSETCATALOG_COMPILER_APPICON_NAME = AppIcon;
				ASSETCATALOG_COMPILER_GLOBAL_ACCENT_COLOR_NAME = AccentColor;
				CODE_SIGN_STYLE = Automatic;
				CURRENT_PROJECT_VERSION = 1;
				DEVELOPMENT_TEAM = 32A8FQ3S49;
				GENERATE_INFOPLIST_FILE = YES;
				INFOPLIST_FILE = FinalBase/Info.plist;
				INFOPLIST_KEY_UIApplicationSupportsIndirectInputEvents = YES;
				INFOPLIST_KEY_UILaunchStoryboardName = LaunchScreen;
				INFOPLIST_KEY_UISupportedInterfaceOrientations_iPad = "UIInterfaceOrientationPortrait UIInterfaceOrientationPortraitUpsideDown UIInterfaceOrientationLandscapeLeft UIInterfaceOrientationLandscapeRight";
				INFOPLIST_KEY_UISupportedInterfaceOrientations_iPhone = "UIInterfaceOrientationPortrait UIInterfaceOrientationLandscapeLeft UIInterfaceOrientationLandscapeRight";
				LD_RUNPATH_SEARCH_PATHS = (
					"$(inherited)",
					"@executable_path/Frameworks",
				);
				MARKETING_VERSION = 1.0;
				PRODUCT_BUNDLE_IDENTIFIER = com.week01.FinalBase;
				PRODUCT_NAME = "$(TARGET_NAME)";
				SWIFT_EMIT_LOC_STRINGS = YES;
				SWIFT_VERSION = 5.0;
				TARGETED_DEVICE_FAMILY = "1,2";
			};
			name = Release;
		};
/* End XCBuildConfiguration section */

/* Begin XCConfigurationList section */
		6C2B412429784870005ED22C /* Build configuration list for PBXProject "FinalBase" */ = {
			isa = XCConfigurationList;
			buildConfigurations = (
				6C2B413B29784874005ED22C /* Debug */,
				6C2B413C29784874005ED22C /* Release */,
			);
			defaultConfigurationIsVisible = 0;
			defaultConfigurationName = Release;
		};
		6C2B413D29784874005ED22C /* Build configuration list for PBXNativeTarget "FinalBase" */ = {
			isa = XCConfigurationList;
			buildConfigurations = (
				6C2B413E29784874005ED22C /* Debug */,
				6C2B413F29784874005ED22C /* Release */,
			);
			defaultConfigurationIsVisible = 0;
			defaultConfigurationName = Release;
		};
/* End XCConfigurationList section */
	};
	rootObject = 6C2B412129784870005ED22C /* Project object */;
}
